
Microsoft Visual Studio Solution File, Format Version 12.00
# Visual Studio Version 16
VisualStudioVersion = 16.0.29326.143
MinimumVisualStudioVersion = 10.0.40219.1
Project("{FAE04EC0-301F-11D3-BF4B-00C04F79EFBC}") = "BethanysPieShop", "BethanysPieShop\BethanysPieShop.csproj", "{673B8BC5-240A-49CE-A523-642650A5C985}"
EndProject
Global
	GlobalSection(SolutionConfigurationPlatforms) = preSolution
		Debug|Any CPU = Debug|Any CPU
		Release|Any CPU = Release|Any CPU
	EndGlobalSection
	GlobalSection(ProjectConfigurationPlatforms) = postSolution
		{673B8BC5-240A-49CE-A523-642650A5C985}.Debug|Any CPU.ActiveCfg = Debug|Any CPU
		{673B8BC5-240A-49CE-A523-642650A5C985}.Debug|Any CPU.Build.0 = Debug|Any CPU
		{673B8BC5-240A-49CE-A523-642650A5C985}.Release|Any CPU.ActiveCfg = Release|Any CPU
		{673B8BC5-240A-49CE-A523-642650A5C985}.Release|Any CPU.Build.0 = Release|Any CPU
	EndGlobalSection
	GlobalSection(SolutionProperties) = preSolution
		HideSolutionNode = FALSE
	EndGlobalSection
	GlobalSection(ExtensibilityGlobals) = postSolution
		SolutionGuid = {931831F3-2A69-42DF-9924-FBECD0F93ACD}
	EndGlobalSection
EndGlobal
